
Microsoft Visual Studio Solution File, Format Version 12.00
# Visual Studio Version 16
VisualStudioVersion = 16.0.30804.86
MinimumVisualStudioVersion = 10.0.40219.1
Project("{FAE04EC0-301F-11D3-BF4B-00C04F79EFBC}") = "TodoApi", "TodoApi.csproj", "{4261B6E1-CBF2-4998-A0A4-12A97628F0FB}"
EndProject
Global
	GlobalSection(SolutionConfigurationPlatforms) = preSolution
		Debug|Any CPU = Debug|Any CPU
		Release|Any CPU = Release|Any CPU
	EndGlobalSection
	GlobalSection(ProjectConfigurationPlatforms) = postSolution
		{4261B6E1-CBF2-4998-A0A4-12A97628F0FB}.Debug|Any CPU.ActiveCfg = Debug|Any CPU
		{4261B6E1-CBF2-4998-A0A4-12A97628F0FB}.Debug|Any CPU.Build.0 = Debug|Any CPU
		{4261B6E1-CBF2-4998-A0A4-12A97628F0FB}.Release|Any CPU.ActiveCfg = Release|Any CPU
		{4261B6E1-CBF2-4998-A0A4-12A97628F0FB}.Release|Any CPU.Build.0 = Release|Any CPU
	EndGlobalSection
	GlobalSection(SolutionProperties) = preSolution
		HideSolutionNode = FALSE
	EndGlobalSection
	GlobalSection(ExtensibilityGlobals) = postSolution
		SolutionGuid = {DAB8ECE5-6C04-4238-A249-810F42F3E919}
	EndGlobalSection
EndGlobal
